
Microsoft Visual Studio Solution File, Format Version 12.00
# Visual Studio Version 17
VisualStudioVersion = 17.6.33723.286
MinimumVisualStudioVersion = 10.0.40219.1
Project("{888888A0-9F3D-457C-B088-3A5042F75D52}") = "transport", "transport\transport.pyproj", "{C1153782-EAEA-4270-8D89-A1212F5065F9}"
EndProject
Global
	GlobalSection(SolutionConfigurationPlatforms) = preSolution
		Debug|Any CPU = Debug|Any CPU
		Release|Any CPU = Release|Any CPU
	EndGlobalSection
	GlobalSection(ProjectConfigurationPlatforms) = postSolution
		{C1153782-EAEA-4270-8D89-A1212F5065F9}.Debug|Any CPU.ActiveCfg = Debug|Any CPU
		{C1153782-EAEA-4270-8D89-A1212F5065F9}.Release|Any CPU.ActiveCfg = Release|Any CPU
	EndGlobalSection
	GlobalSection(SolutionProperties) = preSolution
		HideSolutionNode = FALSE
	EndGlobalSection
	GlobalSection(ExtensibilityGlobals) = postSolution
		SolutionGuid = {260F50BA-8FC4-479D-AD6D-ECC45705F535}
	EndGlobalSection
EndGlobal
